
Microsoft Visual Studio Solution File, Format Version 12.00
# Visual Studio Version 17
VisualStudioVersion = 17.5.002.0
MinimumVisualStudioVersion = 10.0.40219.1
Project("{9A19103F-16F7-4668-BE54-9A1E7A4F7556}") = "Huawei_Commissioning_App", "Huawei_Commissioning_App\Huawei_Commissioning_App.csproj", "{F038EC4C-7D41-4D71-BABA-8B541A96C63E}"
EndProject
Global
	GlobalSection(SolutionConfigurationPlatforms) = preSolution
		Debug|Any CPU = Debug|Any CPU
		Release|Any CPU = Release|Any CPU
	EndGlobalSection
	GlobalSection(ProjectConfigurationPlatforms) = postSolution
		{F038EC4C-7D41-4D71-BABA-8B541A96C63E}.Debug|Any CPU.ActiveCfg = Debug|Any CPU
		{F038EC4C-7D41-4D71-BABA-8B541A96C63E}.Debug|Any CPU.Build.0 = Debug|Any CPU
		{F038EC4C-7D41-4D71-BABA-8B541A96C63E}.Release|Any CPU.ActiveCfg = Release|Any CPU
		{F038EC4C-7D41-4D71-BABA-8B541A96C63E}.Release|Any CPU.Build.0 = Release|Any CPU
	EndGlobalSection
	GlobalSection(SolutionProperties) = preSolution
		HideSolutionNode = FALSE
	EndGlobalSection
	GlobalSection(ExtensibilityGlobals) = postSolution
		SolutionGuid = {3801AAE6-290D-4DA5-AD42-C6A8E6D8BD55}
	EndGlobalSection
EndGlobal
